
Microsoft Visual Studio Solution File, Format Version 12.00
# Visual Studio 15
VisualStudioVersion = 15.0.27703.2000
MinimumVisualStudioVersion = 10.0.40219.1
Project("{8BC9CEB8-8B4A-11D0-8D11-00A0C91BC942}") = "ImageProcessing_TeamProject02", "ImageProcessing_TeamProject02.vcxproj", "{128DB81F-EE89-4127-86EB-9BB98CD89FC9}"
EndProject
Global
	GlobalSection(SolutionConfigurationPlatforms) = preSolution
		Debug|x64 = Debug|x64
		Debug|x86 = Debug|x86
		Release|x64 = Release|x64
		Release|x86 = Release|x86
	EndGlobalSection
	GlobalSection(ProjectConfigurationPlatforms) = postSolution
		{128DB81F-EE89-4127-86EB-9BB98CD89FC9}.Debug|x64.ActiveCfg = Debug|x64
		{128DB81F-EE89-4127-86EB-9BB98CD89FC9}.Debug|x64.Build.0 = Debug|x64
		{128DB81F-EE89-4127-86EB-9BB98CD89FC9}.Debug|x86.ActiveCfg = Debug|Win32
		{128DB81F-EE89-4127-86EB-9BB98CD89FC9}.Debug|x86.Build.0 = Debug|Win32
		{128DB81F-EE89-4127-86EB-9BB98CD89FC9}.Release|x64.ActiveCfg = Release|x64
		{128DB81F-EE89-4127-86EB-9BB98CD89FC9}.Release|x64.Build.0 = Release|x64
		{128DB81F-EE89-4127-86EB-9BB98CD89FC9}.Release|x86.ActiveCfg = Release|Win32
		{128DB81F-EE89-4127-86EB-9BB98CD89FC9}.Release|x86.Build.0 = Release|Win32
	EndGlobalSection
	GlobalSection(SolutionProperties) = preSolution
		HideSolutionNode = FALSE
	EndGlobalSection
	GlobalSection(ExtensibilityGlobals) = postSolution
		SolutionGuid = {6E12CF3F-B34A-48DD-BCD3-37F8FDDA5F55}
	EndGlobalSection
EndGlobal
